
Microsoft Visual Studio Solution File, Format Version 12.00
# Visual Studio Version 16
VisualStudioVersion = 16.0.31424.327
MinimumVisualStudioVersion = 10.0.40219.1
Project("{FAE04EC0-301F-11D3-BF4B-00C04F79EFBC}") = "Sigma Wiper", "Sigma Wiper\Sigma Wiper.csproj", "{80EF0A64-C9B9-4E6F-A291-F1B04E672EEF}"
EndProject
Global
	GlobalSection(SolutionConfigurationPlatforms) = preSolution
		Debug|Any CPU = Debug|Any CPU
		Release|Any CPU = Release|Any CPU
	EndGlobalSection
	GlobalSection(ProjectConfigurationPlatforms) = postSolution
		{80EF0A64-C9B9-4E6F-A291-F1B04E672EEF}.Debug|Any CPU.ActiveCfg = Debug|Any CPU
		{80EF0A64-C9B9-4E6F-A291-F1B04E672EEF}.Debug|Any CPU.Build.0 = Debug|Any CPU
		{80EF0A64-C9B9-4E6F-A291-F1B04E672EEF}.Release|Any CPU.ActiveCfg = Release|Any CPU
		{80EF0A64-C9B9-4E6F-A291-F1B04E672EEF}.Release|Any CPU.Build.0 = Release|Any CPU
	EndGlobalSection
	GlobalSection(SolutionProperties) = preSolution
		HideSolutionNode = FALSE
	EndGlobalSection
	GlobalSection(ExtensibilityGlobals) = postSolution
		SolutionGuid = {AD22C313-2670-4E63-81A1-33CED55C2A0C}
	EndGlobalSection
EndGlobal
